<?xml version="1.0" encoding="utf-8"?>
<Project ToolsVersion="4.0" xmlns="http://schemas.microsoft.com/developer/msbuild/2003">
  <ItemGroup>
    <Filter Include="Source Files">
      <UniqueIdentifier>{99f7cc5a-027f-4f08-bce4-b2a124e2f6b8}</UniqueIdentifier>
      <Extensions>cpp;c;cxx;rc;def;r;odl;idl;hpj;bat</Extensions>
    </Filter>
    <Filter Include="Header Files">
      <UniqueIdentifier>{32ca777b-ad08-429d-94a4-1f065bb80f7e}</UniqueIdentifier>
      <Extensions>h;hpp;hxx;hm;inl</Extensions>
    </Filter>
    <Filter Include="Resource Files">
      <UniqueIdentifier>{6f0cd5de-cf90-4ae1-8234-038cde4e8f35}</UniqueIdentifier>
      <Extensions>ico;cur;bmp;dlg;rc2;rct;bin;rgs;gif;jpg;jpeg;jpe</Extensions>
    </Filter>
  </ItemGroup>
  <ItemGroup>
    <ClCompile Include="autonk.cpp">
      <Filter>Source Files</Filter>
    </ClCompile>
    <ClCompile Include="StdAfx.cpp">
      <Filter>Source Files</Filter>
    </ClCompile>
  </ItemGroup>
  <ItemGroup>
    <None Include="autonk.def">
      <Filter>Source Files</Filter>
    </None>
    <None Include="ReadMe.txt" />
  </ItemGroup>
  <ItemGroup>
    <ClInclude Include="autonk.h">
      <Filter>Header Files</Filter>
    </ClInclude>
    <ClInclude Include="StdAfx.h">
      <Filter>Header Files</Filter>
    </ClInclude>
    <ClInclude Include="hidusage.h">
      <Filter>Header Files</Filter>
    </ClInclude>
    <ClInclude Include="hidpi.h">
      <Filter>Header Files</Filter>
    </ClInclude>
    <ClInclude Include="hidsdi.h">
      <Filter>Header Files</Filter>
    </ClInclude>
    <ClInclude Include="resource.h">
      <Filter>Header Files</Filter>
    </ClInclude>
  </ItemGroup>
  <ItemGroup>
    <Library Include="hid.lib" />
    <Library Include="SETUPAPI.LIB" />
  </ItemGroup>
  <ItemGroup>
    <ResourceCompile Include="autonk.rc">
      <Filter>Source Files</Filter>
    </ResourceCompile>
  </ItemGroup>
</Project>